
Microsoft Visual Studio Solution File, Format Version 12.00
# Visual Studio 14
VisualStudioVersion = 14.0.25420.1
MinimumVisualStudioVersion = 10.0.40219.1
Project("{FAE04EC0-301F-11D3-BF4B-00C04F79EFBC}") = "Test", "Test\Test.csproj", "{6D580959-3922-46E2-86BB-1340B976C48F}"
EndProject
Project("{FAE04EC0-301F-11D3-BF4B-00C04F79EFBC}") = "PolAutoPolicajac", "PolAutoPolicajac\PolAutoPolicajac.csproj", "{7F3091FA-D0D8-4AE9-931D-AEC526A479F0}"
EndProject
Project("{FAE04EC0-301F-11D3-BF4B-00C04F79EFBC}") = "Procode.PolovniAutomobili.Common", "Common\Procode.PolovniAutomobili.Common.csproj", "{C93658D6-B228-4F6F-8802-A387D140EC22}"
EndProject
Project("{FAE04EC0-301F-11D3-BF4B-00C04F79EFBC}") = "Procode.PolovniAutomobili.Data", "PolAutData\Procode.PolovniAutomobili.Data.csproj", "{540B637D-E727-4602-99D5-1B2976E54B7D}"
EndProject
Project("{FAE04EC0-301F-11D3-BF4B-00C04F79EFBC}") = "Procode.PolovniAutomobili.Dohvatanje", "PolovniAutomobiliDohvatanje\Procode.PolovniAutomobili.Dohvatanje.csproj", "{A987FA16-423D-4DC0-85CE-CB9CFC5A4FA2}"
EndProject
Project("{FAE04EC0-301F-11D3-BF4B-00C04F79EFBC}") = "PolAutMerac", "PolAutMerac\PolAutMerac.csproj", "{D1811B72-5560-41C4-ACEC-81A8A913EBA9}"
EndProject
Project("{FAE04EC0-301F-11D3-BF4B-00C04F79EFBC}") = "PolovniAutomobiliZaglavlje", "PolovniAutomobiliZaglavlje\PolovniAutomobiliZaglavlje.csproj", "{B96549BE-D050-41E8-9AAB-13DC6BF213B1}"
EndProject
Project("{FAE04EC0-301F-11D3-BF4B-00C04F79EFBC}") = "Procode.PolovniAutomobili.Export", "PolAutoExport\Procode.PolovniAutomobili.Export.csproj", "{6322A09B-7393-4614-9802-F7A4244BC2BA}"
EndProject
Project("{00D1A9C2-B5F0-4AF3-8072-F6C62B433612}") = "PolAutDB", "PolAutDB\PolAutDB.sqlproj", "{67CBC824-A49E-4E9B-A947-360F3DFE65C3}"
EndProject
Project("{2150E333-8FDC-42A3-9474-1A3956D46DE8}") = "Solution Items", "Solution Items", "{258521F0-5A0E-4B55-B176-6D4C24DD27A8}"
	ProjectSection(SolutionItems) = preProject
		Local.testsettings = Local.testsettings
		PolovniAutomobili.vsmdi = PolovniAutomobili.vsmdi
		TraceAndTestImpact.testsettings = TraceAndTestImpact.testsettings
	EndProjectSection
EndProject
Project("{F088123C-0E9E-452A-89E6-6BA2F21D5CAC}") = "ModelingProject1", "ModelingProject1\ModelingProject1.modelproj", "{7443545E-EE7F-4543-BAEE-9FB149C96036}"
EndProject
Project("{FAE04EC0-301F-11D3-BF4B-00C04F79EFBC}") = "PolAutDataTest", "PolAutDataTest\PolAutDataTest.csproj", "{B106154B-C9C0-47D9-AD39-EC78F34BC1EC}"
EndProject
Project("{FAE04EC0-301F-11D3-BF4B-00C04F79EFBC}") = "PolovniAutomobiliDohvatanjeTest", "PolovniAutomobiliDohvatanjeTest\PolovniAutomobiliDohvatanjeTest.csproj", "{3311CC1F-C7F4-48F3-98C4-3C8B9D3BA442}"
EndProject
Project("{FAE04EC0-301F-11D3-BF4B-00C04F79EFBC}") = "CommonTest", "CommonTest\CommonTest.csproj", "{ED88E8E8-3CA0-4FD0-A9B4-C7E4320DD70F}"
EndProject
Project("{2150E333-8FDC-42A3-9474-1A3956D46DE8}") = "Tests", "Tests", "{84765268-2743-4181-A655-EE3A7FC6CE74}"
EndProject
Project("{2150E333-8FDC-42A3-9474-1A3956D46DE8}") = "Misc", "Misc", "{957E85F2-3A77-49AF-B33D-E6B7CDD765A7}"
EndProject
Project("{2150E333-8FDC-42A3-9474-1A3956D46DE8}") = "Install", "Install", "{AA2F7111-99C7-450F-B13F-FAEE04709749}"
EndProject
Global
	GlobalSection(SolutionConfigurationPlatforms) = preSolution
		Azure|Any CPU = Azure|Any CPU
		Azure|Mixed Platforms = Azure|Mixed Platforms
		Azure|x86 = Azure|x86
		Debug|Any CPU = Debug|Any CPU
		Debug|Mixed Platforms = Debug|Mixed Platforms
		Debug|x86 = Debug|x86
		Release|Any CPU = Release|Any CPU
		Release|Mixed Platforms = Release|Mixed Platforms
		Release|x86 = Release|x86
	EndGlobalSection
	GlobalSection(ProjectConfigurationPlatforms) = postSolution
		{6D580959-3922-46E2-86BB-1340B976C48F}.Azure|Any CPU.ActiveCfg = Azure|Any CPU
		{6D580959-3922-46E2-86BB-1340B976C48F}.Azure|Any CPU.Build.0 = Azure|Any CPU
		{6D580959-3922-46E2-86BB-1340B976C48F}.Azure|Mixed Platforms.ActiveCfg = Azure|Any CPU
		{6D580959-3922-46E2-86BB-1340B976C48F}.Azure|x86.ActiveCfg = Azure|Any CPU
		{6D580959-3922-46E2-86BB-1340B976C48F}.Debug|Any CPU.ActiveCfg = Debug|Any CPU
		{6D580959-3922-46E2-86BB-1340B976C48F}.Debug|Any CPU.Build.0 = Debug|Any CPU
		{6D580959-3922-46E2-86BB-1340B976C48F}.Debug|Mixed Platforms.ActiveCfg = Debug|Any CPU
		{6D580959-3922-46E2-86BB-1340B976C48F}.Debug|Mixed Platforms.Build.0 = Debug|Any CPU
		{6D580959-3922-46E2-86BB-1340B976C48F}.Debug|x86.ActiveCfg = Debug|Any CPU
		{6D580959-3922-46E2-86BB-1340B976C48F}.Release|Any CPU.ActiveCfg = Release|Any CPU
		{6D580959-3922-46E2-86BB-1340B976C48F}.Release|Any CPU.Build.0 = Release|Any CPU
		{6D580959-3922-46E2-86BB-1340B976C48F}.Release|Mixed Platforms.ActiveCfg = Release|Any CPU
		{6D580959-3922-46E2-86BB-1340B976C48F}.Release|Mixed Platforms.Build.0 = Release|Any CPU
		{6D580959-3922-46E2-86BB-1340B976C48F}.Release|x86.ActiveCfg = Release|Any CPU
		{7F3091FA-D0D8-4AE9-931D-AEC526A479F0}.Azure|Any CPU.ActiveCfg = Azure|Any CPU
		{7F3091FA-D0D8-4AE9-931D-AEC526A479F0}.Azure|Any CPU.Build.0 = Azure|Any CPU
		{7F3091FA-D0D8-4AE9-931D-AEC526A479F0}.Azure|Mixed Platforms.ActiveCfg = Azure|Any CPU
		{7F3091FA-D0D8-4AE9-931D-AEC526A479F0}.Azure|x86.ActiveCfg = Azure|Any CPU
		{7F3091FA-D0D8-4AE9-931D-AEC526A479F0}.Debug|Any CPU.ActiveCfg = Debug|Any CPU
		{7F3091FA-D0D8-4AE9-931D-AEC526A479F0}.Debug|Any CPU.Build.0 = Debug|Any CPU
		{7F3091FA-D0D8-4AE9-931D-AEC526A479F0}.Debug|Mixed Platforms.ActiveCfg = Debug|Any CPU
		{7F3091FA-D0D8-4AE9-931D-AEC526A479F0}.Debug|Mixed Platforms.Build.0 = Debug|Any CPU
		{7F3091FA-D0D8-4AE9-931D-AEC526A479F0}.Debug|x86.ActiveCfg = Debug|Any CPU
		{7F3091FA-D0D8-4AE9-931D-AEC526A479F0}.Release|Any CPU.ActiveCfg = Release|Any CPU
		{7F3091FA-D0D8-4AE9-931D-AEC526A479F0}.Release|Any CPU.Build.0 = Release|Any CPU
		{7F3091FA-D0D8-4AE9-931D-AEC526A479F0}.Release|Mixed Platforms.ActiveCfg = Release|Any CPU
		{7F3091FA-D0D8-4AE9-931D-AEC526A479F0}.Release|Mixed Platforms.Build.0 = Release|Any CPU
		{7F3091FA-D0D8-4AE9-931D-AEC526A479F0}.Release|x86.ActiveCfg = Release|Any CPU
		{C93658D6-B228-4F6F-8802-A387D140EC22}.Azure|Any CPU.ActiveCfg = Azure|Any CPU
		{C93658D6-B228-4F6F-8802-A387D140EC22}.Azure|Any CPU.Build.0 = Azure|Any CPU
		{C93658D6-B228-4F6F-8802-A387D140EC22}.Azure|Mixed Platforms.ActiveCfg = Azure|Any CPU
		{C93658D6-B228-4F6F-8802-A387D140EC22}.Azure|Mixed Platforms.Build.0 = Azure|Any CPU
		{C93658D6-B228-4F6F-8802-A387D140EC22}.Azure|x86.ActiveCfg = Azure|Any CPU
		{C93658D6-B228-4F6F-8802-A387D140EC22}.Debug|Any CPU.ActiveCfg = Debug|Any CPU
		{C93658D6-B228-4F6F-8802-A387D140EC22}.Debug|Any CPU.Build.0 = Debug|Any CPU
		{C93658D6-B228-4F6F-8802-A387D140EC22}.Debug|Mixed Platforms.ActiveCfg = Debug|Any CPU
		{C93658D6-B228-4F6F-8802-A387D140EC22}.Debug|Mixed Platforms.Build.0 = Debug|Any CPU
		{C93658D6-B228-4F6F-8802-A387D140EC22}.Debug|x86.ActiveCfg = Debug|Any CPU
		{C93658D6-B228-4F6F-8802-A387D140EC22}.Release|Any CPU.ActiveCfg = Release|Any CPU
		{C93658D6-B228-4F6F-8802-A387D140EC22}.Release|Any CPU.Build.0 = Release|Any CPU
		{C93658D6-B228-4F6F-8802-A387D140EC22}.Release|Mixed Platforms.ActiveCfg = Release|Any CPU
		{C93658D6-B228-4F6F-8802-A387D140EC22}.Release|Mixed Platforms.Build.0 = Release|Any CPU
		{C93658D6-B228-4F6F-8802-A387D140EC22}.Release|x86.ActiveCfg = Release|Any CPU
		{540B637D-E727-4602-99D5-1B2976E54B7D}.Azure|Any CPU.ActiveCfg = Azure|Any CPU
		{540B637D-E727-4602-99D5-1B2976E54B7D}.Azure|Any CPU.Build.0 = Azure|Any CPU
		{540B637D-E727-4602-99D5-1B2976E54B7D}.Azure|Mixed Platforms.ActiveCfg = Azure|Any CPU
		{540B637D-E727-4602-99D5-1B2976E54B7D}.Azure|Mixed Platforms.Build.0 = Azure|Any CPU
		{540B637D-E727-4602-99D5-1B2976E54B7D}.Azure|x86.ActiveCfg = Azure|Any CPU
		{540B637D-E727-4602-99D5-1B2976E54B7D}.Debug|Any CPU.ActiveCfg = Debug|Any CPU
		{540B637D-E727-4602-99D5-1B2976E54B7D}.Debug|Any CPU.Build.0 = Debug|Any CPU
		{540B637D-E727-4602-99D5-1B2976E54B7D}.Debug|Mixed Platforms.ActiveCfg = Debug|Any CPU
		{540B637D-E727-4602-99D5-1B2976E54B7D}.Debug|Mixed Platforms.Build.0 = Debug|Any CPU
		{540B637D-E727-4602-99D5-1B2976E54B7D}.Debug|x86.ActiveCfg = Debug|Any CPU
		{540B637D-E727-4602-99D5-1B2976E54B7D}.Release|Any CPU.ActiveCfg = Release|Any CPU
		{540B637D-E727-4602-99D5-1B2976E54B7D}.Release|Any CPU.Build.0 = Release|Any CPU
		{540B637D-E727-4602-99D5-1B2976E54B7D}.Release|Mixed Platforms.ActiveCfg = Release|Any CPU
		{540B637D-E727-4602-99D5-1B2976E54B7D}.Release|Mixed Platforms.Build.0 = Release|Any CPU
		{540B637D-E727-4602-99D5-1B2976E54B7D}.Release|x86.ActiveCfg = Release|Any CPU
		{A987FA16-423D-4DC0-85CE-CB9CFC5A4FA2}.Azure|Any CPU.ActiveCfg = Azure|Any CPU
		{A987FA16-423D-4DC0-85CE-CB9CFC5A4FA2}.Azure|Any CPU.Build.0 = Azure|Any CPU
		{A987FA16-423D-4DC0-85CE-CB9CFC5A4FA2}.Azure|Mixed Platforms.ActiveCfg = Azure|Any CPU
		{A987FA16-423D-4DC0-85CE-CB9CFC5A4FA2}.Azure|Mixed Platforms.Build.0 = Azure|Any CPU
		{A987FA16-423D-4DC0-85CE-CB9CFC5A4FA2}.Azure|x86.ActiveCfg = Azure|Any CPU
		{A987FA16-423D-4DC0-85CE-CB9CFC5A4FA2}.Debug|Any CPU.ActiveCfg = Debug|Any CPU
		{A987FA16-423D-4DC0-85CE-CB9CFC5A4FA2}.Debug|Any CPU.Build.0 = Debug|Any CPU
		{A987FA16-423D-4DC0-85CE-CB9CFC5A4FA2}.Debug|Mixed Platforms.ActiveCfg = Debug|Any CPU
		{A987FA16-423D-4DC0-85CE-CB9CFC5A4FA2}.Debug|Mixed Platforms.Build.0 = Debug|Any CPU
		{A987FA16-423D-4DC0-85CE-CB9CFC5A4FA2}.Debug|x86.ActiveCfg = Debug|Any CPU
		{A987FA16-423D-4DC0-85CE-CB9CFC5A4FA2}.Release|Any CPU.ActiveCfg = Release|Any CPU
		{A987FA16-423D-4DC0-85CE-CB9CFC5A4FA2}.Release|Any CPU.Build.0 = Release|Any CPU
		{A987FA16-423D-4DC0-85CE-CB9CFC5A4FA2}.Release|Mixed Platforms.ActiveCfg = Release|Any CPU
		{A987FA16-423D-4DC0-85CE-CB9CFC5A4FA2}.Release|Mixed Platforms.Build.0 = Release|Any CPU
		{A987FA16-423D-4DC0-85CE-CB9CFC5A4FA2}.Release|x86.ActiveCfg = Release|Any CPU
		{D1811B72-5560-41C4-ACEC-81A8A913EBA9}.Azure|Any CPU.ActiveCfg = Azure|Any CPU
		{D1811B72-5560-41C4-ACEC-81A8A913EBA9}.Azure|Any CPU.Build.0 = Azure|Any CPU
		{D1811B72-5560-41C4-ACEC-81A8A913EBA9}.Azure|Mixed Platforms.ActiveCfg = Azure|Any CPU
		{D1811B72-5560-41C4-ACEC-81A8A913EBA9}.Azure|x86.ActiveCfg = Azure|Any CPU
		{D1811B72-5560-41C4-ACEC-81A8A913EBA9}.Debug|Any CPU.ActiveCfg = Debug|Any CPU
		{D1811B72-5560-41C4-ACEC-81A8A913EBA9}.Debug|Any CPU.Build.0 = Debug|Any CPU
		{D1811B72-5560-41C4-ACEC-81A8A913EBA9}.Debug|Mixed Platforms.ActiveCfg = Debug|Any CPU
		{D1811B72-5560-41C4-ACEC-81A8A913EBA9}.Debug|Mixed Platforms.Build.0 = Debug|Any CPU
		{D1811B72-5560-41C4-ACEC-81A8A913EBA9}.Debug|x86.ActiveCfg = Debug|Any CPU
		{D1811B72-5560-41C4-ACEC-81A8A913EBA9}.Release|Any CPU.ActiveCfg = Release|Any CPU
		{D1811B72-5560-41C4-ACEC-81A8A913EBA9}.Release|Any CPU.Build.0 = Release|Any CPU
		{D1811B72-5560-41C4-ACEC-81A8A913EBA9}.Release|Mixed Platforms.ActiveCfg = Release|Any CPU
		{D1811B72-5560-41C4-ACEC-81A8A913EBA9}.Release|Mixed Platforms.Build.0 = Release|Any CPU
		{D1811B72-5560-41C4-ACEC-81A8A913EBA9}.Release|x86.ActiveCfg = Release|Any CPU
		{B96549BE-D050-41E8-9AAB-13DC6BF213B1}.Azure|Any CPU.ActiveCfg = Release|Any CPU
		{B96549BE-D050-41E8-9AAB-13DC6BF213B1}.Azure|Mixed Platforms.ActiveCfg = Release|Any CPU
		{B96549BE-D050-41E8-9AAB-13DC6BF213B1}.Azure|x86.ActiveCfg = Release|Any CPU
		{B96549BE-D050-41E8-9AAB-13DC6BF213B1}.Debug|Any CPU.ActiveCfg = Debug|Any CPU
		{B96549BE-D050-41E8-9AAB-13DC6BF213B1}.Debug|Any CPU.Build.0 = Debug|Any CPU
		{B96549BE-D050-41E8-9AAB-13DC6BF213B1}.Debug|Mixed Platforms.ActiveCfg = Debug|Any CPU
		{B96549BE-D050-41E8-9AAB-13DC6BF213B1}.Debug|Mixed Platforms.Build.0 = Debug|Any CPU
		{B96549BE-D050-41E8-9AAB-13DC6BF213B1}.Debug|x86.ActiveCfg = Debug|Any CPU
		{B96549BE-D050-41E8-9AAB-13DC6BF213B1}.Release|Any CPU.ActiveCfg = Release|Any CPU
		{B96549BE-D050-41E8-9AAB-13DC6BF213B1}.Release|Any CPU.Build.0 = Release|Any CPU
		{B96549BE-D050-41E8-9AAB-13DC6BF213B1}.Release|Mixed Platforms.ActiveCfg = Release|Any CPU
		{B96549BE-D050-41E8-9AAB-13DC6BF213B1}.Release|Mixed Platforms.Build.0 = Release|Any CPU
		{B96549BE-D050-41E8-9AAB-13DC6BF213B1}.Release|x86.ActiveCfg = Release|Any CPU
		{6322A09B-7393-4614-9802-F7A4244BC2BA}.Azure|Any CPU.ActiveCfg = Azure|Any CPU
		{6322A09B-7393-4614-9802-F7A4244BC2BA}.Azure|Any CPU.Build.0 = Azure|Any CPU
		{6322A09B-7393-4614-9802-F7A4244BC2BA}.Azure|Mixed Platforms.ActiveCfg = Azure|Any CPU
		{6322A09B-7393-4614-9802-F7A4244BC2BA}.Azure|Mixed Platforms.Build.0 = Azure|Any CPU
		{6322A09B-7393-4614-9802-F7A4244BC2BA}.Azure|x86.ActiveCfg = Azure|Any CPU
		{6322A09B-7393-4614-9802-F7A4244BC2BA}.Azure|x86.Build.0 = Azure|Any CPU
		{6322A09B-7393-4614-9802-F7A4244BC2BA}.Debug|Any CPU.ActiveCfg = Debug|Any CPU
		{6322A09B-7393-4614-9802-F7A4244BC2BA}.Debug|Any CPU.Build.0 = Debug|Any CPU
		{6322A09B-7393-4614-9802-F7A4244BC2BA}.Debug|Mixed Platforms.ActiveCfg = Debug|Any CPU
		{6322A09B-7393-4614-9802-F7A4244BC2BA}.Debug|Mixed Platforms.Build.0 = Debug|Any CPU
		{6322A09B-7393-4614-9802-F7A4244BC2BA}.Debug|x86.ActiveCfg = Debug|Any CPU
		{6322A09B-7393-4614-9802-F7A4244BC2BA}.Debug|x86.Build.0 = Debug|Any CPU
		{6322A09B-7393-4614-9802-F7A4244BC2BA}.Release|Any CPU.ActiveCfg = Release|Any CPU
		{6322A09B-7393-4614-9802-F7A4244BC2BA}.Release|Any CPU.Build.0 = Release|Any CPU
		{6322A09B-7393-4614-9802-F7A4244BC2BA}.Release|Mixed Platforms.ActiveCfg = Release|Any CPU
		{6322A09B-7393-4614-9802-F7A4244BC2BA}.Release|Mixed Platforms.Build.0 = Release|Any CPU
		{6322A09B-7393-4614-9802-F7A4244BC2BA}.Release|x86.ActiveCfg = Release|Any CPU
		{6322A09B-7393-4614-9802-F7A4244BC2BA}.Release|x86.Build.0 = Release|Any CPU
		{67CBC824-A49E-4E9B-A947-360F3DFE65C3}.Azure|Any CPU.ActiveCfg = Release|Any CPU
		{67CBC824-A49E-4E9B-A947-360F3DFE65C3}.Azure|Mixed Platforms.ActiveCfg = Release|Any CPU
		{67CBC824-A49E-4E9B-A947-360F3DFE65C3}.Azure|x86.ActiveCfg = Release|Any CPU
		{67CBC824-A49E-4E9B-A947-360F3DFE65C3}.Debug|Any CPU.ActiveCfg = Debug|Any CPU
		{67CBC824-A49E-4E9B-A947-360F3DFE65C3}.Debug|Any CPU.Build.0 = Debug|Any CPU
		{67CBC824-A49E-4E9B-A947-360F3DFE65C3}.Debug|Any CPU.Deploy.0 = Debug|Any CPU
		{67CBC824-A49E-4E9B-A947-360F3DFE65C3}.Debug|Mixed Platforms.ActiveCfg = Debug|Any CPU
		{67CBC824-A49E-4E9B-A947-360F3DFE65C3}.Debug|Mixed Platforms.Deploy.0 = Debug|Any CPU
		{67CBC824-A49E-4E9B-A947-360F3DFE65C3}.Debug|x86.ActiveCfg = Debug|Any CPU
		{67CBC824-A49E-4E9B-A947-360F3DFE65C3}.Release|Any CPU.ActiveCfg = Release|Any CPU
		{67CBC824-A49E-4E9B-A947-360F3DFE65C3}.Release|Any CPU.Build.0 = Release|Any CPU
		{67CBC824-A49E-4E9B-A947-360F3DFE65C3}.Release|Any CPU.Deploy.0 = Release|Any CPU
		{67CBC824-A49E-4E9B-A947-360F3DFE65C3}.Release|Mixed Platforms.ActiveCfg = Release|Any CPU
		{67CBC824-A49E-4E9B-A947-360F3DFE65C3}.Release|Mixed Platforms.Build.0 = Release|Any CPU
		{67CBC824-A49E-4E9B-A947-360F3DFE65C3}.Release|Mixed Platforms.Deploy.0 = Release|Any CPU
		{67CBC824-A49E-4E9B-A947-360F3DFE65C3}.Release|x86.ActiveCfg = Release|Any CPU
		{7443545E-EE7F-4543-BAEE-9FB149C96036}.Azure|Any CPU.ActiveCfg = Azure|Any CPU
		{7443545E-EE7F-4543-BAEE-9FB149C96036}.Azure|Any CPU.Build.0 = Azure|Any CPU
		{7443545E-EE7F-4543-BAEE-9FB149C96036}.Azure|Mixed Platforms.ActiveCfg = Azure|Any CPU
		{7443545E-EE7F-4543-BAEE-9FB149C96036}.Azure|x86.ActiveCfg = Azure|Any CPU
		{7443545E-EE7F-4543-BAEE-9FB149C96036}.Debug|Any CPU.ActiveCfg = Debug|Any CPU
		{7443545E-EE7F-4543-BAEE-9FB149C96036}.Debug|Any CPU.Build.0 = Debug|Any CPU
		{7443545E-EE7F-4543-BAEE-9FB149C96036}.Debug|Mixed Platforms.ActiveCfg = Debug|Any CPU
		{7443545E-EE7F-4543-BAEE-9FB149C96036}.Debug|Mixed Platforms.Build.0 = Debug|Any CPU
		{7443545E-EE7F-4543-BAEE-9FB149C96036}.Debug|x86.ActiveCfg = Debug|Any CPU
		{7443545E-EE7F-4543-BAEE-9FB149C96036}.Release|Any CPU.ActiveCfg = Release|Any CPU
		{7443545E-EE7F-4543-BAEE-9FB149C96036}.Release|Any CPU.Build.0 = Release|Any CPU
		{7443545E-EE7F-4543-BAEE-9FB149C96036}.Release|Mixed Platforms.ActiveCfg = Release|Any CPU
		{7443545E-EE7F-4543-BAEE-9FB149C96036}.Release|Mixed Platforms.Build.0 = Release|Any CPU
		{7443545E-EE7F-4543-BAEE-9FB149C96036}.Release|x86.ActiveCfg = Release|Any CPU
		{B106154B-C9C0-47D9-AD39-EC78F34BC1EC}.Azure|Any CPU.ActiveCfg = Azure|Any CPU
		{B106154B-C9C0-47D9-AD39-EC78F34BC1EC}.Azure|Any CPU.Build.0 = Azure|Any CPU
		{B106154B-C9C0-47D9-AD39-EC78F34BC1EC}.Azure|Mixed Platforms.ActiveCfg = Azure|Any CPU
		{B106154B-C9C0-47D9-AD39-EC78F34BC1EC}.Azure|x86.ActiveCfg = Azure|Any CPU
		{B106154B-C9C0-47D9-AD39-EC78F34BC1EC}.Debug|Any CPU.ActiveCfg = Debug|Any CPU
		{B106154B-C9C0-47D9-AD39-EC78F34BC1EC}.Debug|Any CPU.Build.0 = Debug|Any CPU
		{B106154B-C9C0-47D9-AD39-EC78F34BC1EC}.Debug|Mixed Platforms.ActiveCfg = Debug|Any CPU
		{B106154B-C9C0-47D9-AD39-EC78F34BC1EC}.Debug|Mixed Platforms.Build.0 = Debug|Any CPU
		{B106154B-C9C0-47D9-AD39-EC78F34BC1EC}.Debug|x86.ActiveCfg = Debug|Any CPU
		{B106154B-C9C0-47D9-AD39-EC78F34BC1EC}.Release|Any CPU.ActiveCfg = Release|Any CPU
		{B106154B-C9C0-47D9-AD39-EC78F34BC1EC}.Release|Any CPU.Build.0 = Release|Any CPU
		{B106154B-C9C0-47D9-AD39-EC78F34BC1EC}.Release|Mixed Platforms.ActiveCfg = Release|Any CPU
		{B106154B-C9C0-47D9-AD39-EC78F34BC1EC}.Release|Mixed Platforms.Build.0 = Release|Any CPU
		{B106154B-C9C0-47D9-AD39-EC78F34BC1EC}.Release|x86.ActiveCfg = Release|Any CPU
		{3311CC1F-C7F4-48F3-98C4-3C8B9D3BA442}.Azure|Any CPU.ActiveCfg = Azure|Any CPU
		{3311CC1F-C7F4-48F3-98C4-3C8B9D3BA442}.Azure|Any CPU.Build.0 = Azure|Any CPU
		{3311CC1F-C7F4-48F3-98C4-3C8B9D3BA442}.Azure|Mixed Platforms.ActiveCfg = Azure|Any CPU
		{3311CC1F-C7F4-48F3-98C4-3C8B9D3BA442}.Azure|x86.ActiveCfg = Azure|Any CPU
		{3311CC1F-C7F4-48F3-98C4-3C8B9D3BA442}.Debug|Any CPU.ActiveCfg = Debug|Any CPU
		{3311CC1F-C7F4-48F3-98C4-3C8B9D3BA442}.Debug|Any CPU.Build.0 = Debug|Any CPU
		{3311CC1F-C7F4-48F3-98C4-3C8B9D3BA442}.Debug|Mixed Platforms.ActiveCfg = Debug|Any CPU
		{3311CC1F-C7F4-48F3-98C4-3C8B9D3BA442}.Debug|Mixed Platforms.Build.0 = Debug|Any CPU
		{3311CC1F-C7F4-48F3-98C4-3C8B9D3BA442}.Debug|x86.ActiveCfg = Debug|Any CPU
		{3311CC1F-C7F4-48F3-98C4-3C8B9D3BA442}.Release|Any CPU.ActiveCfg = Release|Any CPU
		{3311CC1F-C7F4-48F3-98C4-3C8B9D3BA442}.Release|Any CPU.Build.0 = Release|Any CPU
		{3311CC1F-C7F4-48F3-98C4-3C8B9D3BA442}.Release|Mixed Platforms.ActiveCfg = Release|Any CPU
		{3311CC1F-C7F4-48F3-98C4-3C8B9D3BA442}.Release|Mixed Platforms.Build.0 = Release|Any CPU
		{3311CC1F-C7F4-48F3-98C4-3C8B9D3BA442}.Release|x86.ActiveCfg = Release|Any CPU
		{ED88E8E8-3CA0-4FD0-A9B4-C7E4320DD70F}.Azure|Any CPU.ActiveCfg = Azure|Any CPU
		{ED88E8E8-3CA0-4FD0-A9B4-C7E4320DD70F}.Azure|Any CPU.Build.0 = Azure|Any CPU
		{ED88E8E8-3CA0-4FD0-A9B4-C7E4320DD70F}.Azure|Mixed Platforms.ActiveCfg = Azure|Any CPU
		{ED88E8E8-3CA0-4FD0-A9B4-C7E4320DD70F}.Azure|x86.ActiveCfg = Azure|Any CPU
		{ED88E8E8-3CA0-4FD0-A9B4-C7E4320DD70F}.Debug|Any CPU.ActiveCfg = Debug|Any CPU
		{ED88E8E8-3CA0-4FD0-A9B4-C7E4320DD70F}.Debug|Any CPU.Build.0 = Debug|Any CPU
		{ED88E8E8-3CA0-4FD0-A9B4-C7E4320DD70F}.Debug|Mixed Platforms.ActiveCfg = Debug|Any CPU
		{ED88E8E8-3CA0-4FD0-A9B4-C7E4320DD70F}.Debug|Mixed Platforms.Build.0 = Debug|Any CPU
		{ED88E8E8-3CA0-4FD0-A9B4-C7E4320DD70F}.Debug|x86.ActiveCfg = Debug|Any CPU
		{ED88E8E8-3CA0-4FD0-A9B4-C7E4320DD70F}.Release|Any CPU.ActiveCfg = Release|Any CPU
		{ED88E8E8-3CA0-4FD0-A9B4-C7E4320DD70F}.Release|Any CPU.Build.0 = Release|Any CPU
		{ED88E8E8-3CA0-4FD0-A9B4-C7E4320DD70F}.Release|Mixed Platforms.ActiveCfg = Release|Any CPU
		{ED88E8E8-3CA0-4FD0-A9B4-C7E4320DD70F}.Release|Mixed Platforms.Build.0 = Release|Any CPU
		{ED88E8E8-3CA0-4FD0-A9B4-C7E4320DD70F}.Release|x86.ActiveCfg = Release|Any CPU
	EndGlobalSection
	GlobalSection(SolutionProperties) = preSolution
		HideSolutionNode = FALSE
	EndGlobalSection
	GlobalSection(NestedProjects) = preSolution
		{6D580959-3922-46E2-86BB-1340B976C48F} = {84765268-2743-4181-A655-EE3A7FC6CE74}
		{7F3091FA-D0D8-4AE9-931D-AEC526A479F0} = {957E85F2-3A77-49AF-B33D-E6B7CDD765A7}
		{D1811B72-5560-41C4-ACEC-81A8A913EBA9} = {957E85F2-3A77-49AF-B33D-E6B7CDD765A7}
		{B96549BE-D050-41E8-9AAB-13DC6BF213B1} = {957E85F2-3A77-49AF-B33D-E6B7CDD765A7}
		{6322A09B-7393-4614-9802-F7A4244BC2BA} = {957E85F2-3A77-49AF-B33D-E6B7CDD765A7}
		{67CBC824-A49E-4E9B-A947-360F3DFE65C3} = {957E85F2-3A77-49AF-B33D-E6B7CDD765A7}
		{7443545E-EE7F-4543-BAEE-9FB149C96036} = {957E85F2-3A77-49AF-B33D-E6B7CDD765A7}
		{B106154B-C9C0-47D9-AD39-EC78F34BC1EC} = {84765268-2743-4181-A655-EE3A7FC6CE74}
		{3311CC1F-C7F4-48F3-98C4-3C8B9D3BA442} = {84765268-2743-4181-A655-EE3A7FC6CE74}
		{ED88E8E8-3CA0-4FD0-A9B4-C7E4320DD70F} = {84765268-2743-4181-A655-EE3A7FC6CE74}
	EndGlobalSection
	GlobalSection(TestCaseManagementSettings) = postSolution
		CategoryFile = PolovniAutomobili.vsmdi
	EndGlobalSection
EndGlobal
